
Microsoft Visual Studio Solution File, Format Version 12.00
# Visual Studio Version 17
VisualStudioVersion = 17.3.32825.248
MinimumVisualStudioVersion = 10.0.40219.1
Project("{9A19103F-16F7-4668-BE54-9A1E7A4F7556}") = "Application", "Application\Application.csproj", "{6EED2C9E-EB9D-407D-8034-777DC56FF713}"
EndProject
Project("{9A19103F-16F7-4668-BE54-9A1E7A4F7556}") = "Engine", "Engine\Engine.csproj", "{91E9A2E5-9AF4-4687-BE81-1B05399ACEE1}"
EndProject
Project("{9A19103F-16F7-4668-BE54-9A1E7A4F7556}") = "Tools", "Tools\Tools.csproj", "{6BE3CF09-8360-4AE5-B41F-95990D4AB851}"
EndProject
Project("{2150E333-8FDC-42A3-9474-1A3956D46DE8}") = "Tests", "Tests", "{E4836639-E410-4328-93B2-DB12CE73FC88}"
EndProject
Project("{9A19103F-16F7-4668-BE54-9A1E7A4F7556}") = "Tools.Common", "Tools.Common\Tools.Common.csproj", "{3F7CFE58-4206-449A-B694-7FA0096A5B6C}"
EndProject
Project("{9A19103F-16F7-4668-BE54-9A1E7A4F7556}") = "EvaluationEditor", "EvaluationEditor\EvaluationEditor.csproj", "{51C6916F-9809-443C-8F39-38407F05EEF8}"
EndProject
Project("{9A19103F-16F7-4668-BE54-9A1E7A4F7556}") = "DataTool", "DataTool\DataTool.csproj", "{1791E5AA-444E-4388-AF5A-0584CCC5599F}"
EndProject
Project("{2150E333-8FDC-42A3-9474-1A3956D46DE8}") = "Data", "Data", "{2BFF853C-8686-406E-A084-B6F4A3410D17}"
EndProject
Project("{9A19103F-16F7-4668-BE54-9A1E7A4F7556}") = "DataViewer", "DataViewer\DataViewer.csproj", "{FBB671E8-AF6D-46E2-97F5-BAB548312518}"
EndProject
Project("{9A19103F-16F7-4668-BE54-9A1E7A4F7556}") = "PgnTool", "PgnTool\PgnTool.csproj", "{31556288-D43F-4E3B-9C8E-1EA923E4DC23}"
EndProject
Project("{9A19103F-16F7-4668-BE54-9A1E7A4F7556}") = "PgnManager", "PgnManager\PgnManager.csproj", "{0000C8DB-9A8A-4A21-B389-0813192D0EC1}"
EndProject
Project("{9A19103F-16F7-4668-BE54-9A1E7A4F7556}") = "GamesServices", "GamesServices\GamesServices.csproj", "{FD3CC2A6-7443-49AF-8180-B7596E431625}"
EndProject
Project("{9A19103F-16F7-4668-BE54-9A1E7A4F7556}") = "GsServer", "GsServer\GsServer.csproj", "{EC1F5BA8-280F-4F98-B41B-4387AB4966DD}"
EndProject
Project("{9A19103F-16F7-4668-BE54-9A1E7A4F7556}") = "DataAccess", "DataAccess\DataAccess.csproj", "{89BAA454-D44E-4DA6-9437-3B22779D639C}"
EndProject
Project("{2150E333-8FDC-42A3-9474-1A3956D46DE8}") = "Stockfish", "Stockfish", "{2C21A6AB-8EA0-4BA7-AA7A-0E7F6A3F10AF}"
EndProject
Project("{9A19103F-16F7-4668-BE54-9A1E7A4F7556}") = "StockfishApp", "StockfishApp\StockfishApp.csproj", "{265C9027-BCCC-41B7-8377-12117F1AB160}"
EndProject
Project("{9A19103F-16F7-4668-BE54-9A1E7A4F7556}") = "StockFishTool", "StockFishTool\StockFishTool.csproj", "{FB9A7C1F-3372-4360-A4DE-5A7D57E31EA6}"
EndProject
Project("{9A19103F-16F7-4668-BE54-9A1E7A4F7556}") = "StockFishCore", "StockFishCore\StockFishCore.csproj", "{0CF0443A-F5BB-48C3-9F3C-F080EE7C354A}"
EndProject
Project("{9A19103F-16F7-4668-BE54-9A1E7A4F7556}") = "StockFishServer", "StockFishServer\StockFishServer.csproj", "{5291840C-4E9C-4CD4-B919-063C06C54EA8}"
EndProject
Project("{9A19103F-16F7-4668-BE54-9A1E7A4F7556}") = "StockFishTest", "StockFishTest\StockFishTest.csproj", "{7AEBB6B8-A2E2-4BC5-8AE9-A58F29AE16DE}"
EndProject
Project("{9A19103F-16F7-4668-BE54-9A1E7A4F7556}") = "StockFishComparer", "StockFishComparer\StockFishComparer.csproj", "{1821895B-5951-45CB-B4B5-70D1FD013AF3}"
EndProject
Project("{9A19103F-16F7-4668-BE54-9A1E7A4F7556}") = "UI.Common", "UI.Common\UI.Common.csproj", "{D0E7B3FC-DC53-4E76-9B6F-60A88AE790C9}"
EndProject
Project("{FAE04EC0-301F-11D3-BF4B-00C04F79EFBC}") = "StockFishAppManager", "StockFishAppManager\StockFishAppManager.csproj", "{6D14AAE9-D8AA-4368-A452-1502A907144D}"
EndProject
Global
	GlobalSection(SolutionConfigurationPlatforms) = preSolution
		Debug|Any CPU = Debug|Any CPU
		Release|Any CPU = Release|Any CPU
	EndGlobalSection
	GlobalSection(ProjectConfigurationPlatforms) = postSolution
		{6EED2C9E-EB9D-407D-8034-777DC56FF713}.Debug|Any CPU.ActiveCfg = Debug|Any CPU
		{6EED2C9E-EB9D-407D-8034-777DC56FF713}.Debug|Any CPU.Build.0 = Debug|Any CPU
		{6EED2C9E-EB9D-407D-8034-777DC56FF713}.Release|Any CPU.ActiveCfg = Release|Any CPU
		{6EED2C9E-EB9D-407D-8034-777DC56FF713}.Release|Any CPU.Build.0 = Release|Any CPU
		{91E9A2E5-9AF4-4687-BE81-1B05399ACEE1}.Debug|Any CPU.ActiveCfg = Debug|Any CPU
		{91E9A2E5-9AF4-4687-BE81-1B05399ACEE1}.Debug|Any CPU.Build.0 = Debug|Any CPU
		{91E9A2E5-9AF4-4687-BE81-1B05399ACEE1}.Release|Any CPU.ActiveCfg = Release|Any CPU
		{91E9A2E5-9AF4-4687-BE81-1B05399ACEE1}.Release|Any CPU.Build.0 = Release|Any CPU
		{6BE3CF09-8360-4AE5-B41F-95990D4AB851}.Debug|Any CPU.ActiveCfg = Debug|Any CPU
		{6BE3CF09-8360-4AE5-B41F-95990D4AB851}.Debug|Any CPU.Build.0 = Debug|Any CPU
		{6BE3CF09-8360-4AE5-B41F-95990D4AB851}.Release|Any CPU.ActiveCfg = Release|Any CPU
		{6BE3CF09-8360-4AE5-B41F-95990D4AB851}.Release|Any CPU.Build.0 = Release|Any CPU
		{3F7CFE58-4206-449A-B694-7FA0096A5B6C}.Debug|Any CPU.ActiveCfg = Debug|Any CPU
		{3F7CFE58-4206-449A-B694-7FA0096A5B6C}.Debug|Any CPU.Build.0 = Debug|Any CPU
		{3F7CFE58-4206-449A-B694-7FA0096A5B6C}.Release|Any CPU.ActiveCfg = Release|Any CPU
		{3F7CFE58-4206-449A-B694-7FA0096A5B6C}.Release|Any CPU.Build.0 = Release|Any CPU
		{51C6916F-9809-443C-8F39-38407F05EEF8}.Debug|Any CPU.ActiveCfg = Debug|Any CPU
		{51C6916F-9809-443C-8F39-38407F05EEF8}.Debug|Any CPU.Build.0 = Debug|Any CPU
		{51C6916F-9809-443C-8F39-38407F05EEF8}.Release|Any CPU.ActiveCfg = Release|Any CPU
		{51C6916F-9809-443C-8F39-38407F05EEF8}.Release|Any CPU.Build.0 = Release|Any CPU
		{1791E5AA-444E-4388-AF5A-0584CCC5599F}.Debug|Any CPU.ActiveCfg = Debug|Any CPU
		{1791E5AA-444E-4388-AF5A-0584CCC5599F}.Debug|Any CPU.Build.0 = Debug|Any CPU
		{1791E5AA-444E-4388-AF5A-0584CCC5599F}.Release|Any CPU.ActiveCfg = Release|Any CPU
		{1791E5AA-444E-4388-AF5A-0584CCC5599F}.Release|Any CPU.Build.0 = Release|Any CPU
		{FBB671E8-AF6D-46E2-97F5-BAB548312518}.Debug|Any CPU.ActiveCfg = Debug|Any CPU
		{FBB671E8-AF6D-46E2-97F5-BAB548312518}.Debug|Any CPU.Build.0 = Debug|Any CPU
		{FBB671E8-AF6D-46E2-97F5-BAB548312518}.Release|Any CPU.ActiveCfg = Release|Any CPU
		{FBB671E8-AF6D-46E2-97F5-BAB548312518}.Release|Any CPU.Build.0 = Release|Any CPU
		{31556288-D43F-4E3B-9C8E-1EA923E4DC23}.Debug|Any CPU.ActiveCfg = Debug|Any CPU
		{31556288-D43F-4E3B-9C8E-1EA923E4DC23}.Debug|Any CPU.Build.0 = Debug|Any CPU
		{31556288-D43F-4E3B-9C8E-1EA923E4DC23}.Release|Any CPU.ActiveCfg = Release|Any CPU
		{31556288-D43F-4E3B-9C8E-1EA923E4DC23}.Release|Any CPU.Build.0 = Release|Any CPU
		{0000C8DB-9A8A-4A21-B389-0813192D0EC1}.Debug|Any CPU.ActiveCfg = Debug|Any CPU
		{0000C8DB-9A8A-4A21-B389-0813192D0EC1}.Debug|Any CPU.Build.0 = Debug|Any CPU
		{0000C8DB-9A8A-4A21-B389-0813192D0EC1}.Release|Any CPU.ActiveCfg = Release|Any CPU
		{0000C8DB-9A8A-4A21-B389-0813192D0EC1}.Release|Any CPU.Build.0 = Release|Any CPU
		{FD3CC2A6-7443-49AF-8180-B7596E431625}.Debug|Any CPU.ActiveCfg = Debug|Any CPU
		{FD3CC2A6-7443-49AF-8180-B7596E431625}.Debug|Any CPU.Build.0 = Debug|Any CPU
		{FD3CC2A6-7443-49AF-8180-B7596E431625}.Release|Any CPU.ActiveCfg = Release|Any CPU
		{FD3CC2A6-7443-49AF-8180-B7596E431625}.Release|Any CPU.Build.0 = Release|Any CPU
		{EC1F5BA8-280F-4F98-B41B-4387AB4966DD}.Debug|Any CPU.ActiveCfg = Debug|Any CPU
		{EC1F5BA8-280F-4F98-B41B-4387AB4966DD}.Debug|Any CPU.Build.0 = Debug|Any CPU
		{EC1F5BA8-280F-4F98-B41B-4387AB4966DD}.Release|Any CPU.ActiveCfg = Release|Any CPU
		{EC1F5BA8-280F-4F98-B41B-4387AB4966DD}.Release|Any CPU.Build.0 = Release|Any CPU
		{89BAA454-D44E-4DA6-9437-3B22779D639C}.Debug|Any CPU.ActiveCfg = Debug|Any CPU
		{89BAA454-D44E-4DA6-9437-3B22779D639C}.Debug|Any CPU.Build.0 = Debug|Any CPU
		{89BAA454-D44E-4DA6-9437-3B22779D639C}.Release|Any CPU.ActiveCfg = Release|Any CPU
		{89BAA454-D44E-4DA6-9437-3B22779D639C}.Release|Any CPU.Build.0 = Release|Any CPU
		{265C9027-BCCC-41B7-8377-12117F1AB160}.Debug|Any CPU.ActiveCfg = Debug|Any CPU
		{265C9027-BCCC-41B7-8377-12117F1AB160}.Debug|Any CPU.Build.0 = Debug|Any CPU
		{265C9027-BCCC-41B7-8377-12117F1AB160}.Release|Any CPU.ActiveCfg = Release|Any CPU
		{265C9027-BCCC-41B7-8377-12117F1AB160}.Release|Any CPU.Build.0 = Release|Any CPU
		{FB9A7C1F-3372-4360-A4DE-5A7D57E31EA6}.Debug|Any CPU.ActiveCfg = Debug|Any CPU
		{FB9A7C1F-3372-4360-A4DE-5A7D57E31EA6}.Debug|Any CPU.Build.0 = Debug|Any CPU
		{FB9A7C1F-3372-4360-A4DE-5A7D57E31EA6}.Release|Any CPU.ActiveCfg = Release|Any CPU
		{FB9A7C1F-3372-4360-A4DE-5A7D57E31EA6}.Release|Any CPU.Build.0 = Release|Any CPU
		{0CF0443A-F5BB-48C3-9F3C-F080EE7C354A}.Debug|Any CPU.ActiveCfg = Debug|Any CPU
		{0CF0443A-F5BB-48C3-9F3C-F080EE7C354A}.Debug|Any CPU.Build.0 = Debug|Any CPU
		{0CF0443A-F5BB-48C3-9F3C-F080EE7C354A}.Release|Any CPU.ActiveCfg = Release|Any CPU
		{0CF0443A-F5BB-48C3-9F3C-F080EE7C354A}.Release|Any CPU.Build.0 = Release|Any CPU
		{5291840C-4E9C-4CD4-B919-063C06C54EA8}.Debug|Any CPU.ActiveCfg = Debug|Any CPU
		{5291840C-4E9C-4CD4-B919-063C06C54EA8}.Debug|Any CPU.Build.0 = Debug|Any CPU
		{5291840C-4E9C-4CD4-B919-063C06C54EA8}.Release|Any CPU.ActiveCfg = Release|Any CPU
		{5291840C-4E9C-4CD4-B919-063C06C54EA8}.Release|Any CPU.Build.0 = Release|Any CPU
		{7AEBB6B8-A2E2-4BC5-8AE9-A58F29AE16DE}.Debug|Any CPU.ActiveCfg = Debug|Any CPU
		{7AEBB6B8-A2E2-4BC5-8AE9-A58F29AE16DE}.Debug|Any CPU.Build.0 = Debug|Any CPU
		{7AEBB6B8-A2E2-4BC5-8AE9-A58F29AE16DE}.Release|Any CPU.ActiveCfg = Release|Any CPU
		{7AEBB6B8-A2E2-4BC5-8AE9-A58F29AE16DE}.Release|Any CPU.Build.0 = Release|Any CPU
		{1821895B-5951-45CB-B4B5-70D1FD013AF3}.Debug|Any CPU.ActiveCfg = Debug|Any CPU
		{1821895B-5951-45CB-B4B5-70D1FD013AF3}.Debug|Any CPU.Build.0 = Debug|Any CPU
		{1821895B-5951-45CB-B4B5-70D1FD013AF3}.Release|Any CPU.ActiveCfg = Release|Any CPU
		{1821895B-5951-45CB-B4B5-70D1FD013AF3}.Release|Any CPU.Build.0 = Release|Any CPU
		{D0E7B3FC-DC53-4E76-9B6F-60A88AE790C9}.Debug|Any CPU.ActiveCfg = Debug|Any CPU
		{D0E7B3FC-DC53-4E76-9B6F-60A88AE790C9}.Debug|Any CPU.Build.0 = Debug|Any CPU
		{D0E7B3FC-DC53-4E76-9B6F-60A88AE790C9}.Release|Any CPU.ActiveCfg = Release|Any CPU
		{D0E7B3FC-DC53-4E76-9B6F-60A88AE790C9}.Release|Any CPU.Build.0 = Release|Any CPU
		{6D14AAE9-D8AA-4368-A452-1502A907144D}.Debug|Any CPU.ActiveCfg = Debug|Any CPU
		{6D14AAE9-D8AA-4368-A452-1502A907144D}.Debug|Any CPU.Build.0 = Debug|Any CPU
		{6D14AAE9-D8AA-4368-A452-1502A907144D}.Release|Any CPU.ActiveCfg = Release|Any CPU
		{6D14AAE9-D8AA-4368-A452-1502A907144D}.Release|Any CPU.Build.0 = Release|Any CPU
	EndGlobalSection
	GlobalSection(SolutionProperties) = preSolution
		HideSolutionNode = FALSE
	EndGlobalSection
	GlobalSection(NestedProjects) = preSolution
		{6BE3CF09-8360-4AE5-B41F-95990D4AB851} = {E4836639-E410-4328-93B2-DB12CE73FC88}
		{3F7CFE58-4206-449A-B694-7FA0096A5B6C} = {E4836639-E410-4328-93B2-DB12CE73FC88}
		{51C6916F-9809-443C-8F39-38407F05EEF8} = {E4836639-E410-4328-93B2-DB12CE73FC88}
		{1791E5AA-444E-4388-AF5A-0584CCC5599F} = {2BFF853C-8686-406E-A084-B6F4A3410D17}
		{FBB671E8-AF6D-46E2-97F5-BAB548312518} = {2BFF853C-8686-406E-A084-B6F4A3410D17}
		{31556288-D43F-4E3B-9C8E-1EA923E4DC23} = {2BFF853C-8686-406E-A084-B6F4A3410D17}
		{0000C8DB-9A8A-4A21-B389-0813192D0EC1} = {2BFF853C-8686-406E-A084-B6F4A3410D17}
		{FD3CC2A6-7443-49AF-8180-B7596E431625} = {2BFF853C-8686-406E-A084-B6F4A3410D17}
		{EC1F5BA8-280F-4F98-B41B-4387AB4966DD} = {2BFF853C-8686-406E-A084-B6F4A3410D17}
		{265C9027-BCCC-41B7-8377-12117F1AB160} = {2C21A6AB-8EA0-4BA7-AA7A-0E7F6A3F10AF}
		{FB9A7C1F-3372-4360-A4DE-5A7D57E31EA6} = {2C21A6AB-8EA0-4BA7-AA7A-0E7F6A3F10AF}
		{0CF0443A-F5BB-48C3-9F3C-F080EE7C354A} = {2C21A6AB-8EA0-4BA7-AA7A-0E7F6A3F10AF}
		{5291840C-4E9C-4CD4-B919-063C06C54EA8} = {2C21A6AB-8EA0-4BA7-AA7A-0E7F6A3F10AF}
		{7AEBB6B8-A2E2-4BC5-8AE9-A58F29AE16DE} = {2C21A6AB-8EA0-4BA7-AA7A-0E7F6A3F10AF}
		{1821895B-5951-45CB-B4B5-70D1FD013AF3} = {2C21A6AB-8EA0-4BA7-AA7A-0E7F6A3F10AF}
		{D0E7B3FC-DC53-4E76-9B6F-60A88AE790C9} = {E4836639-E410-4328-93B2-DB12CE73FC88}
		{6D14AAE9-D8AA-4368-A452-1502A907144D} = {2C21A6AB-8EA0-4BA7-AA7A-0E7F6A3F10AF}
	EndGlobalSection
	GlobalSection(ExtensibilityGlobals) = postSolution
		SolutionGuid = {4E5CE98F-14C2-455B-8042-BFCFA9D2F1EC}
	EndGlobalSection
EndGlobal
